
Microsoft Visual Studio Solution File, Format Version 12.00
# Visual Studio 2013
VisualStudioVersion = 12.0.30501.0
MinimumVisualStudioVersion = 10.0.40219.1
Project("{FAE04EC0-301F-11D3-BF4B-00C04F79EFBC}") = "AOCraft", "AOCraft\AOCraft.csproj", "{152C5975-46B4-4A0C-9929-E645BB15C74B}"
EndProject
Project("{FAE04EC0-301F-11D3-BF4B-00C04F79EFBC}") = "aodb", "aodb\aodb.csproj", "{E98AF93F-1488-4DCF-B1AA-EAF0C4F030CC}"
EndProject
Project("{FAE04EC0-301F-11D3-BF4B-00C04F79EFBC}") = "bartershop", "bartershop\bartershop.csproj", "{243D41BD-6566-4C34-A619-E311E070005A}"
EndProject
Global
	GlobalSection(SolutionConfigurationPlatforms) = preSolution
		Debug|Any CPU = Debug|Any CPU
		Release|Any CPU = Release|Any CPU
	EndGlobalSection
	GlobalSection(ProjectConfigurationPlatforms) = postSolution
		{152C5975-46B4-4A0C-9929-E645BB15C74B}.Debug|Any CPU.ActiveCfg = Debug|Any CPU
		{152C5975-46B4-4A0C-9929-E645BB15C74B}.Debug|Any CPU.Build.0 = Debug|Any CPU
		{152C5975-46B4-4A0C-9929-E645BB15C74B}.Release|Any CPU.ActiveCfg = Release|Any CPU
		{152C5975-46B4-4A0C-9929-E645BB15C74B}.Release|Any CPU.Build.0 = Release|Any CPU
		{E98AF93F-1488-4DCF-B1AA-EAF0C4F030CC}.Debug|Any CPU.ActiveCfg = Debug|Any CPU
		{E98AF93F-1488-4DCF-B1AA-EAF0C4F030CC}.Debug|Any CPU.Build.0 = Debug|Any CPU
		{E98AF93F-1488-4DCF-B1AA-EAF0C4F030CC}.Release|Any CPU.ActiveCfg = Release|Any CPU
		{E98AF93F-1488-4DCF-B1AA-EAF0C4F030CC}.Release|Any CPU.Build.0 = Release|Any CPU
		{243D41BD-6566-4C34-A619-E311E070005A}.Debug|Any CPU.ActiveCfg = Debug|Any CPU
		{243D41BD-6566-4C34-A619-E311E070005A}.Debug|Any CPU.Build.0 = Debug|Any CPU
		{243D41BD-6566-4C34-A619-E311E070005A}.Release|Any CPU.ActiveCfg = Release|Any CPU
		{243D41BD-6566-4C34-A619-E311E070005A}.Release|Any CPU.Build.0 = Release|Any CPU
	EndGlobalSection
	GlobalSection(SolutionProperties) = preSolution
		HideSolutionNode = FALSE
	EndGlobalSection
EndGlobal
