
Microsoft Visual Studio Solution File, Format Version 12.00
# Visual Studio 2013
VisualStudioVersion = 12.0.30501.0
MinimumVisualStudioVersion = 10.0.40219.1
Project("{FAE04EC0-301F-11D3-BF4B-00C04F79EFBC}") = "test_GDI", "test_GDI\test_GDI.csproj", "{9B5CB0C5-27A8-4910-814D-4F360A2DA94A}"
EndProject
Project("{FAE04EC0-301F-11D3-BF4B-00C04F79EFBC}") = "FungsiGerakParabola", "FungsiGerakParabola\FungsiGerakParabola.csproj", "{38E3C8B9-2925-4562-81CC-49E3CCFEA2DF}"
EndProject
Global
	GlobalSection(SolutionConfigurationPlatforms) = preSolution
		Debug|Any CPU = Debug|Any CPU
		Release|Any CPU = Release|Any CPU
	EndGlobalSection
	GlobalSection(ProjectConfigurationPlatforms) = postSolution
		{9B5CB0C5-27A8-4910-814D-4F360A2DA94A}.Debug|Any CPU.ActiveCfg = Debug|Any CPU
		{9B5CB0C5-27A8-4910-814D-4F360A2DA94A}.Debug|Any CPU.Build.0 = Debug|Any CPU
		{9B5CB0C5-27A8-4910-814D-4F360A2DA94A}.Release|Any CPU.ActiveCfg = Release|Any CPU
		{9B5CB0C5-27A8-4910-814D-4F360A2DA94A}.Release|Any CPU.Build.0 = Release|Any CPU
		{38E3C8B9-2925-4562-81CC-49E3CCFEA2DF}.Debug|Any CPU.ActiveCfg = Debug|Any CPU
		{38E3C8B9-2925-4562-81CC-49E3CCFEA2DF}.Debug|Any CPU.Build.0 = Debug|Any CPU
		{38E3C8B9-2925-4562-81CC-49E3CCFEA2DF}.Release|Any CPU.ActiveCfg = Release|Any CPU
		{38E3C8B9-2925-4562-81CC-49E3CCFEA2DF}.Release|Any CPU.Build.0 = Release|Any CPU
	EndGlobalSection
	GlobalSection(SolutionProperties) = preSolution
		HideSolutionNode = FALSE
	EndGlobalSection
EndGlobal
