
Microsoft Visual Studio Solution File, Format Version 12.00
# Visual Studio 2013
VisualStudioVersion = 12.0.30501.0
MinimumVisualStudioVersion = 10.0.40219.1
Project("{FAE04EC0-301F-11D3-BF4B-00C04F79EFBC}") = "WindowsFormsApplication1", "WindowsFormsApplication1\WindowsFormsApplication1.csproj", "{228F2D3D-A9C6-4948-A212-F2E263A92A29}"
EndProject
Project("{FAE04EC0-301F-11D3-BF4B-00C04F79EFBC}") = "WindowsFormsApplication2", "WindowsFormsApplication2\WindowsFormsApplication2.csproj", "{013F502D-8429-437E-8AFE-629071C1B298}"
EndProject
Project("{FAE04EC0-301F-11D3-BF4B-00C04F79EFBC}") = "WindowsFormsApplication3", "WindowsFormsApplication3\WindowsFormsApplication3.csproj", "{03648002-06CA-4A0A-90F8-8FE3EC283519}"
EndProject
Project("{FAE04EC0-301F-11D3-BF4B-00C04F79EFBC}") = "WindowsFormsApplication4", "WindowsFormsApplication4\WindowsFormsApplication4.csproj", "{59FF896E-5D00-4CFE-ADFB-58E4CF94BF16}"
EndProject
Project("{FAE04EC0-301F-11D3-BF4B-00C04F79EFBC}") = "aotools", "aotools\aotools.csproj", "{167F7496-1A66-4235-9AFB-1EDC52A2D426}"
EndProject
Project("{FAE04EC0-301F-11D3-BF4B-00C04F79EFBC}") = "simplescanner", "simplescanner\simplescanner.csproj", "{0FC157B2-E05E-4C49-A097-3561A67026F9}"
EndProject
Project("{8BC9CEB8-8B4A-11D0-8D11-00A0C91BC942}") = "ConsoleApplication1", "ConsoleApplication1\ConsoleApplication1.vcxproj", "{487298A5-A411-4861-9F0B-95BC6B50CA13}"
EndProject
Project("{FAE04EC0-301F-11D3-BF4B-00C04F79EFBC}") = "XXX", "XXX\XXX.csproj", "{EBA5CE2B-B193-49E3-AF08-9A5728FB484C}"
EndProject
Project("{FAE04EC0-301F-11D3-BF4B-00C04F79EFBC}") = "SimulateKeyboard", "SimulateKeyboard\SimulateKeyboard.csproj", "{FD968C00-C596-4C1B-8782-B93CEBD658BE}"
EndProject
Project("{FAE04EC0-301F-11D3-BF4B-00C04F79EFBC}") = "SimulateMouse", "SimulateMouse\SimulateMouse.csproj", "{F4CF9FC3-F93E-44EC-8A10-011E894C5A53}"
EndProject
Global
	GlobalSection(SolutionConfigurationPlatforms) = preSolution
		Debug|Any CPU = Debug|Any CPU
		Debug|Mixed Platforms = Debug|Mixed Platforms
		Debug|Win32 = Debug|Win32
		Debug|x64 = Debug|x64
		Debug|x86 = Debug|x86
		Release|Any CPU = Release|Any CPU
		Release|Mixed Platforms = Release|Mixed Platforms
		Release|Win32 = Release|Win32
		Release|x64 = Release|x64
		Release|x86 = Release|x86
	EndGlobalSection
	GlobalSection(ProjectConfigurationPlatforms) = postSolution
		{228F2D3D-A9C6-4948-A212-F2E263A92A29}.Debug|Any CPU.ActiveCfg = Debug|Any CPU
		{228F2D3D-A9C6-4948-A212-F2E263A92A29}.Debug|Any CPU.Build.0 = Debug|Any CPU
		{228F2D3D-A9C6-4948-A212-F2E263A92A29}.Debug|Mixed Platforms.ActiveCfg = Debug|x86
		{228F2D3D-A9C6-4948-A212-F2E263A92A29}.Debug|Mixed Platforms.Build.0 = Debug|x86
		{228F2D3D-A9C6-4948-A212-F2E263A92A29}.Debug|Win32.ActiveCfg = Debug|x86
		{228F2D3D-A9C6-4948-A212-F2E263A92A29}.Debug|Win32.Build.0 = Debug|x86
		{228F2D3D-A9C6-4948-A212-F2E263A92A29}.Debug|x64.ActiveCfg = Debug|x64
		{228F2D3D-A9C6-4948-A212-F2E263A92A29}.Debug|x64.Build.0 = Debug|x64
		{228F2D3D-A9C6-4948-A212-F2E263A92A29}.Debug|x86.ActiveCfg = Debug|x86
		{228F2D3D-A9C6-4948-A212-F2E263A92A29}.Debug|x86.Build.0 = Debug|x86
		{228F2D3D-A9C6-4948-A212-F2E263A92A29}.Release|Any CPU.ActiveCfg = Release|Any CPU
		{228F2D3D-A9C6-4948-A212-F2E263A92A29}.Release|Any CPU.Build.0 = Release|Any CPU
		{228F2D3D-A9C6-4948-A212-F2E263A92A29}.Release|Mixed Platforms.ActiveCfg = Release|x86
		{228F2D3D-A9C6-4948-A212-F2E263A92A29}.Release|Mixed Platforms.Build.0 = Release|x86
		{228F2D3D-A9C6-4948-A212-F2E263A92A29}.Release|Win32.ActiveCfg = Release|x86
		{228F2D3D-A9C6-4948-A212-F2E263A92A29}.Release|Win32.Build.0 = Release|x86
		{228F2D3D-A9C6-4948-A212-F2E263A92A29}.Release|x64.ActiveCfg = Release|x64
		{228F2D3D-A9C6-4948-A212-F2E263A92A29}.Release|x64.Build.0 = Release|x64
		{228F2D3D-A9C6-4948-A212-F2E263A92A29}.Release|x86.ActiveCfg = Release|x86
		{228F2D3D-A9C6-4948-A212-F2E263A92A29}.Release|x86.Build.0 = Release|x86
		{013F502D-8429-437E-8AFE-629071C1B298}.Debug|Any CPU.ActiveCfg = Debug|Any CPU
		{013F502D-8429-437E-8AFE-629071C1B298}.Debug|Any CPU.Build.0 = Debug|Any CPU
		{013F502D-8429-437E-8AFE-629071C1B298}.Debug|Mixed Platforms.ActiveCfg = Debug|x86
		{013F502D-8429-437E-8AFE-629071C1B298}.Debug|Mixed Platforms.Build.0 = Debug|x86
		{013F502D-8429-437E-8AFE-629071C1B298}.Debug|Win32.ActiveCfg = Debug|x86
		{013F502D-8429-437E-8AFE-629071C1B298}.Debug|Win32.Build.0 = Debug|x86
		{013F502D-8429-437E-8AFE-629071C1B298}.Debug|x64.ActiveCfg = Debug|x64
		{013F502D-8429-437E-8AFE-629071C1B298}.Debug|x64.Build.0 = Debug|x64
		{013F502D-8429-437E-8AFE-629071C1B298}.Debug|x86.ActiveCfg = Debug|x86
		{013F502D-8429-437E-8AFE-629071C1B298}.Debug|x86.Build.0 = Debug|x86
		{013F502D-8429-437E-8AFE-629071C1B298}.Release|Any CPU.ActiveCfg = Release|Any CPU
		{013F502D-8429-437E-8AFE-629071C1B298}.Release|Any CPU.Build.0 = Release|Any CPU
		{013F502D-8429-437E-8AFE-629071C1B298}.Release|Mixed Platforms.ActiveCfg = Release|x86
		{013F502D-8429-437E-8AFE-629071C1B298}.Release|Mixed Platforms.Build.0 = Release|x86
		{013F502D-8429-437E-8AFE-629071C1B298}.Release|Win32.ActiveCfg = Release|x86
		{013F502D-8429-437E-8AFE-629071C1B298}.Release|Win32.Build.0 = Release|x86
		{013F502D-8429-437E-8AFE-629071C1B298}.Release|x64.ActiveCfg = Release|x64
		{013F502D-8429-437E-8AFE-629071C1B298}.Release|x64.Build.0 = Release|x64
		{013F502D-8429-437E-8AFE-629071C1B298}.Release|x86.ActiveCfg = Release|x86
		{013F502D-8429-437E-8AFE-629071C1B298}.Release|x86.Build.0 = Release|x86
		{03648002-06CA-4A0A-90F8-8FE3EC283519}.Debug|Any CPU.ActiveCfg = Debug|Any CPU
		{03648002-06CA-4A0A-90F8-8FE3EC283519}.Debug|Any CPU.Build.0 = Debug|Any CPU
		{03648002-06CA-4A0A-90F8-8FE3EC283519}.Debug|Mixed Platforms.ActiveCfg = Debug|Any CPU
		{03648002-06CA-4A0A-90F8-8FE3EC283519}.Debug|Mixed Platforms.Build.0 = Debug|Any CPU
		{03648002-06CA-4A0A-90F8-8FE3EC283519}.Debug|Win32.ActiveCfg = Debug|x86
		{03648002-06CA-4A0A-90F8-8FE3EC283519}.Debug|Win32.Build.0 = Debug|x86
		{03648002-06CA-4A0A-90F8-8FE3EC283519}.Debug|x64.ActiveCfg = Debug|x64
		{03648002-06CA-4A0A-90F8-8FE3EC283519}.Debug|x64.Build.0 = Debug|x64
		{03648002-06CA-4A0A-90F8-8FE3EC283519}.Debug|x86.ActiveCfg = Debug|x86
		{03648002-06CA-4A0A-90F8-8FE3EC283519}.Debug|x86.Build.0 = Debug|x86
		{03648002-06CA-4A0A-90F8-8FE3EC283519}.Release|Any CPU.ActiveCfg = Release|Any CPU
		{03648002-06CA-4A0A-90F8-8FE3EC283519}.Release|Any CPU.Build.0 = Release|Any CPU
		{03648002-06CA-4A0A-90F8-8FE3EC283519}.Release|Mixed Platforms.ActiveCfg = Release|Any CPU
		{03648002-06CA-4A0A-90F8-8FE3EC283519}.Release|Mixed Platforms.Build.0 = Release|Any CPU
		{03648002-06CA-4A0A-90F8-8FE3EC283519}.Release|Win32.ActiveCfg = Release|x86
		{03648002-06CA-4A0A-90F8-8FE3EC283519}.Release|Win32.Build.0 = Release|x86
		{03648002-06CA-4A0A-90F8-8FE3EC283519}.Release|x64.ActiveCfg = Release|x64
		{03648002-06CA-4A0A-90F8-8FE3EC283519}.Release|x64.Build.0 = Release|x64
		{03648002-06CA-4A0A-90F8-8FE3EC283519}.Release|x86.ActiveCfg = Release|x86
		{03648002-06CA-4A0A-90F8-8FE3EC283519}.Release|x86.Build.0 = Release|x86
		{59FF896E-5D00-4CFE-ADFB-58E4CF94BF16}.Debug|Any CPU.ActiveCfg = Debug|Any CPU
		{59FF896E-5D00-4CFE-ADFB-58E4CF94BF16}.Debug|Any CPU.Build.0 = Debug|Any CPU
		{59FF896E-5D00-4CFE-ADFB-58E4CF94BF16}.Debug|Mixed Platforms.ActiveCfg = Debug|Any CPU
		{59FF896E-5D00-4CFE-ADFB-58E4CF94BF16}.Debug|Mixed Platforms.Build.0 = Debug|Any CPU
		{59FF896E-5D00-4CFE-ADFB-58E4CF94BF16}.Debug|Win32.ActiveCfg = Debug|Any CPU
		{59FF896E-5D00-4CFE-ADFB-58E4CF94BF16}.Debug|x64.ActiveCfg = Debug|x64
		{59FF896E-5D00-4CFE-ADFB-58E4CF94BF16}.Debug|x64.Build.0 = Debug|x64
		{59FF896E-5D00-4CFE-ADFB-58E4CF94BF16}.Debug|x86.ActiveCfg = Debug|Any CPU
		{59FF896E-5D00-4CFE-ADFB-58E4CF94BF16}.Debug|x86.Build.0 = Debug|Any CPU
		{59FF896E-5D00-4CFE-ADFB-58E4CF94BF16}.Release|Any CPU.ActiveCfg = Release|Any CPU
		{59FF896E-5D00-4CFE-ADFB-58E4CF94BF16}.Release|Any CPU.Build.0 = Release|Any CPU
		{59FF896E-5D00-4CFE-ADFB-58E4CF94BF16}.Release|Mixed Platforms.ActiveCfg = Release|Any CPU
		{59FF896E-5D00-4CFE-ADFB-58E4CF94BF16}.Release|Mixed Platforms.Build.0 = Release|Any CPU
		{59FF896E-5D00-4CFE-ADFB-58E4CF94BF16}.Release|Win32.ActiveCfg = Release|Any CPU
		{59FF896E-5D00-4CFE-ADFB-58E4CF94BF16}.Release|x64.ActiveCfg = Release|x64
		{59FF896E-5D00-4CFE-ADFB-58E4CF94BF16}.Release|x64.Build.0 = Release|x64
		{59FF896E-5D00-4CFE-ADFB-58E4CF94BF16}.Release|x86.ActiveCfg = Release|Any CPU
		{167F7496-1A66-4235-9AFB-1EDC52A2D426}.Debug|Any CPU.ActiveCfg = Debug|Any CPU
		{167F7496-1A66-4235-9AFB-1EDC52A2D426}.Debug|Any CPU.Build.0 = Debug|Any CPU
		{167F7496-1A66-4235-9AFB-1EDC52A2D426}.Debug|Mixed Platforms.ActiveCfg = Debug|Any CPU
		{167F7496-1A66-4235-9AFB-1EDC52A2D426}.Debug|Mixed Platforms.Build.0 = Debug|Any CPU
		{167F7496-1A66-4235-9AFB-1EDC52A2D426}.Debug|Win32.ActiveCfg = Debug|Any CPU
		{167F7496-1A66-4235-9AFB-1EDC52A2D426}.Debug|x64.ActiveCfg = Debug|x64
		{167F7496-1A66-4235-9AFB-1EDC52A2D426}.Debug|x64.Build.0 = Debug|x64
		{167F7496-1A66-4235-9AFB-1EDC52A2D426}.Debug|x86.ActiveCfg = Debug|Any CPU
		{167F7496-1A66-4235-9AFB-1EDC52A2D426}.Debug|x86.Build.0 = Debug|Any CPU
		{167F7496-1A66-4235-9AFB-1EDC52A2D426}.Release|Any CPU.ActiveCfg = Release|Any CPU
		{167F7496-1A66-4235-9AFB-1EDC52A2D426}.Release|Any CPU.Build.0 = Release|Any CPU
		{167F7496-1A66-4235-9AFB-1EDC52A2D426}.Release|Mixed Platforms.ActiveCfg = Release|Any CPU
		{167F7496-1A66-4235-9AFB-1EDC52A2D426}.Release|Mixed Platforms.Build.0 = Release|Any CPU
		{167F7496-1A66-4235-9AFB-1EDC52A2D426}.Release|Win32.ActiveCfg = Release|Any CPU
		{167F7496-1A66-4235-9AFB-1EDC52A2D426}.Release|x64.ActiveCfg = Release|x64
		{167F7496-1A66-4235-9AFB-1EDC52A2D426}.Release|x64.Build.0 = Release|x64
		{167F7496-1A66-4235-9AFB-1EDC52A2D426}.Release|x86.ActiveCfg = Release|Any CPU
		{0FC157B2-E05E-4C49-A097-3561A67026F9}.Debug|Any CPU.ActiveCfg = Debug|Any CPU
		{0FC157B2-E05E-4C49-A097-3561A67026F9}.Debug|Any CPU.Build.0 = Debug|Any CPU
		{0FC157B2-E05E-4C49-A097-3561A67026F9}.Debug|Mixed Platforms.ActiveCfg = Debug|Any CPU
		{0FC157B2-E05E-4C49-A097-3561A67026F9}.Debug|Mixed Platforms.Build.0 = Debug|Any CPU
		{0FC157B2-E05E-4C49-A097-3561A67026F9}.Debug|Win32.ActiveCfg = Debug|Any CPU
		{0FC157B2-E05E-4C49-A097-3561A67026F9}.Debug|x64.ActiveCfg = Debug|x64
		{0FC157B2-E05E-4C49-A097-3561A67026F9}.Debug|x64.Build.0 = Debug|x64
		{0FC157B2-E05E-4C49-A097-3561A67026F9}.Debug|x86.ActiveCfg = Debug|Any CPU
		{0FC157B2-E05E-4C49-A097-3561A67026F9}.Debug|x86.Build.0 = Debug|Any CPU
		{0FC157B2-E05E-4C49-A097-3561A67026F9}.Release|Any CPU.ActiveCfg = Release|Any CPU
		{0FC157B2-E05E-4C49-A097-3561A67026F9}.Release|Any CPU.Build.0 = Release|Any CPU
		{0FC157B2-E05E-4C49-A097-3561A67026F9}.Release|Mixed Platforms.ActiveCfg = Release|Any CPU
		{0FC157B2-E05E-4C49-A097-3561A67026F9}.Release|Mixed Platforms.Build.0 = Release|Any CPU
		{0FC157B2-E05E-4C49-A097-3561A67026F9}.Release|Win32.ActiveCfg = Release|Any CPU
		{0FC157B2-E05E-4C49-A097-3561A67026F9}.Release|x64.ActiveCfg = Release|x64
		{0FC157B2-E05E-4C49-A097-3561A67026F9}.Release|x64.Build.0 = Release|x64
		{0FC157B2-E05E-4C49-A097-3561A67026F9}.Release|x86.ActiveCfg = Release|Any CPU
		{487298A5-A411-4861-9F0B-95BC6B50CA13}.Debug|Any CPU.ActiveCfg = Debug|Win32
		{487298A5-A411-4861-9F0B-95BC6B50CA13}.Debug|Mixed Platforms.ActiveCfg = Debug|Win32
		{487298A5-A411-4861-9F0B-95BC6B50CA13}.Debug|Mixed Platforms.Build.0 = Debug|Win32
		{487298A5-A411-4861-9F0B-95BC6B50CA13}.Debug|Win32.ActiveCfg = Debug|Win32
		{487298A5-A411-4861-9F0B-95BC6B50CA13}.Debug|Win32.Build.0 = Debug|Win32
		{487298A5-A411-4861-9F0B-95BC6B50CA13}.Debug|x64.ActiveCfg = Debug|Win32
		{487298A5-A411-4861-9F0B-95BC6B50CA13}.Debug|x86.ActiveCfg = Debug|Win32
		{487298A5-A411-4861-9F0B-95BC6B50CA13}.Debug|x86.Build.0 = Debug|Win32
		{487298A5-A411-4861-9F0B-95BC6B50CA13}.Release|Any CPU.ActiveCfg = Release|Win32
		{487298A5-A411-4861-9F0B-95BC6B50CA13}.Release|Mixed Platforms.ActiveCfg = Release|Win32
		{487298A5-A411-4861-9F0B-95BC6B50CA13}.Release|Mixed Platforms.Build.0 = Release|Win32
		{487298A5-A411-4861-9F0B-95BC6B50CA13}.Release|Win32.ActiveCfg = Release|Win32
		{487298A5-A411-4861-9F0B-95BC6B50CA13}.Release|Win32.Build.0 = Release|Win32
		{487298A5-A411-4861-9F0B-95BC6B50CA13}.Release|x64.ActiveCfg = Release|Win32
		{487298A5-A411-4861-9F0B-95BC6B50CA13}.Release|x86.ActiveCfg = Release|Win32
		{487298A5-A411-4861-9F0B-95BC6B50CA13}.Release|x86.Build.0 = Release|Win32
		{EBA5CE2B-B193-49E3-AF08-9A5728FB484C}.Debug|Any CPU.ActiveCfg = Debug|Any CPU
		{EBA5CE2B-B193-49E3-AF08-9A5728FB484C}.Debug|Any CPU.Build.0 = Debug|Any CPU
		{EBA5CE2B-B193-49E3-AF08-9A5728FB484C}.Debug|Mixed Platforms.ActiveCfg = Debug|Any CPU
		{EBA5CE2B-B193-49E3-AF08-9A5728FB484C}.Debug|Mixed Platforms.Build.0 = Debug|Any CPU
		{EBA5CE2B-B193-49E3-AF08-9A5728FB484C}.Debug|Win32.ActiveCfg = Debug|Any CPU
		{EBA5CE2B-B193-49E3-AF08-9A5728FB484C}.Debug|x64.ActiveCfg = Debug|Any CPU
		{EBA5CE2B-B193-49E3-AF08-9A5728FB484C}.Debug|x86.ActiveCfg = Debug|Any CPU
		{EBA5CE2B-B193-49E3-AF08-9A5728FB484C}.Debug|x86.Build.0 = Debug|Any CPU
		{EBA5CE2B-B193-49E3-AF08-9A5728FB484C}.Release|Any CPU.ActiveCfg = Release|Any CPU
		{EBA5CE2B-B193-49E3-AF08-9A5728FB484C}.Release|Any CPU.Build.0 = Release|Any CPU
		{EBA5CE2B-B193-49E3-AF08-9A5728FB484C}.Release|Mixed Platforms.ActiveCfg = Release|Any CPU
		{EBA5CE2B-B193-49E3-AF08-9A5728FB484C}.Release|Mixed Platforms.Build.0 = Release|Any CPU
		{EBA5CE2B-B193-49E3-AF08-9A5728FB484C}.Release|Win32.ActiveCfg = Release|Any CPU
		{EBA5CE2B-B193-49E3-AF08-9A5728FB484C}.Release|x64.ActiveCfg = Release|Any CPU
		{EBA5CE2B-B193-49E3-AF08-9A5728FB484C}.Release|x86.ActiveCfg = Release|Any CPU
		{FD968C00-C596-4C1B-8782-B93CEBD658BE}.Debug|Any CPU.ActiveCfg = Debug|Any CPU
		{FD968C00-C596-4C1B-8782-B93CEBD658BE}.Debug|Any CPU.Build.0 = Debug|Any CPU
		{FD968C00-C596-4C1B-8782-B93CEBD658BE}.Debug|Mixed Platforms.ActiveCfg = Debug|Any CPU
		{FD968C00-C596-4C1B-8782-B93CEBD658BE}.Debug|Mixed Platforms.Build.0 = Debug|Any CPU
		{FD968C00-C596-4C1B-8782-B93CEBD658BE}.Debug|Win32.ActiveCfg = Debug|Any CPU
		{FD968C00-C596-4C1B-8782-B93CEBD658BE}.Debug|x64.ActiveCfg = Debug|Any CPU
		{FD968C00-C596-4C1B-8782-B93CEBD658BE}.Debug|x86.ActiveCfg = Debug|Any CPU
		{FD968C00-C596-4C1B-8782-B93CEBD658BE}.Debug|x86.Build.0 = Debug|Any CPU
		{FD968C00-C596-4C1B-8782-B93CEBD658BE}.Release|Any CPU.ActiveCfg = Release|Any CPU
		{FD968C00-C596-4C1B-8782-B93CEBD658BE}.Release|Any CPU.Build.0 = Release|Any CPU
		{FD968C00-C596-4C1B-8782-B93CEBD658BE}.Release|Mixed Platforms.ActiveCfg = Release|Any CPU
		{FD968C00-C596-4C1B-8782-B93CEBD658BE}.Release|Mixed Platforms.Build.0 = Release|Any CPU
		{FD968C00-C596-4C1B-8782-B93CEBD658BE}.Release|Win32.ActiveCfg = Release|Any CPU
		{FD968C00-C596-4C1B-8782-B93CEBD658BE}.Release|x64.ActiveCfg = Release|Any CPU
		{FD968C00-C596-4C1B-8782-B93CEBD658BE}.Release|x86.ActiveCfg = Release|Any CPU
		{F4CF9FC3-F93E-44EC-8A10-011E894C5A53}.Debug|Any CPU.ActiveCfg = Debug|Any CPU
		{F4CF9FC3-F93E-44EC-8A10-011E894C5A53}.Debug|Any CPU.Build.0 = Debug|Any CPU
		{F4CF9FC3-F93E-44EC-8A10-011E894C5A53}.Debug|Mixed Platforms.ActiveCfg = Debug|Any CPU
		{F4CF9FC3-F93E-44EC-8A10-011E894C5A53}.Debug|Mixed Platforms.Build.0 = Debug|Any CPU
		{F4CF9FC3-F93E-44EC-8A10-011E894C5A53}.Debug|Win32.ActiveCfg = Debug|Any CPU
		{F4CF9FC3-F93E-44EC-8A10-011E894C5A53}.Debug|x64.ActiveCfg = Debug|Any CPU
		{F4CF9FC3-F93E-44EC-8A10-011E894C5A53}.Debug|x86.ActiveCfg = Debug|Any CPU
		{F4CF9FC3-F93E-44EC-8A10-011E894C5A53}.Debug|x86.Build.0 = Debug|Any CPU
		{F4CF9FC3-F93E-44EC-8A10-011E894C5A53}.Release|Any CPU.ActiveCfg = Release|Any CPU
		{F4CF9FC3-F93E-44EC-8A10-011E894C5A53}.Release|Any CPU.Build.0 = Release|Any CPU
		{F4CF9FC3-F93E-44EC-8A10-011E894C5A53}.Release|Mixed Platforms.ActiveCfg = Release|Any CPU
		{F4CF9FC3-F93E-44EC-8A10-011E894C5A53}.Release|Mixed Platforms.Build.0 = Release|Any CPU
		{F4CF9FC3-F93E-44EC-8A10-011E894C5A53}.Release|Win32.ActiveCfg = Release|Any CPU
		{F4CF9FC3-F93E-44EC-8A10-011E894C5A53}.Release|x64.ActiveCfg = Release|Any CPU
		{F4CF9FC3-F93E-44EC-8A10-011E894C5A53}.Release|x86.ActiveCfg = Release|Any CPU
	EndGlobalSection
	GlobalSection(SolutionProperties) = preSolution
		HideSolutionNode = FALSE
	EndGlobalSection
EndGlobal
